
Microsoft Visual Studio Solution File, Format Version 12.00
# Visual Studio Version 17
VisualStudioVersion = 17.0.32014.148
MinimumVisualStudioVersion = 10.0.40219.1
Project("{FAE04EC0-301F-11D3-BF4B-00C04F79EFBC}") = "9.5", "9.5\9.5.csproj", "{CA31FC3C-592D-4415-9B98-1738BA5FDE8A}"
EndProject
Global
	GlobalSection(SolutionConfigurationPlatforms) = preSolution
		Debug|Any CPU = Debug|Any CPU
		Release|Any CPU = Release|Any CPU
	EndGlobalSection
	GlobalSection(ProjectConfigurationPlatforms) = postSolution
		{CA31FC3C-592D-4415-9B98-1738BA5FDE8A}.Debug|Any CPU.ActiveCfg = Debug|Any CPU
		{CA31FC3C-592D-4415-9B98-1738BA5FDE8A}.Debug|Any CPU.Build.0 = Debug|Any CPU
		{CA31FC3C-592D-4415-9B98-1738BA5FDE8A}.Release|Any CPU.ActiveCfg = Release|Any CPU
		{CA31FC3C-592D-4415-9B98-1738BA5FDE8A}.Release|Any CPU.Build.0 = Release|Any CPU
	EndGlobalSection
	GlobalSection(SolutionProperties) = preSolution
		HideSolutionNode = FALSE
	EndGlobalSection
	GlobalSection(ExtensibilityGlobals) = postSolution
		SolutionGuid = {B5E22BE9-EB02-4887-9924-35A76ABA3A65}
	EndGlobalSection
EndGlobal
